// !$*UTF8*$!
{
	archiveVersion = 1;
	classes = {
	};
	objectVersion = 46;
	objects = {

/* Begin PBXBuildFile section */
		16350CA61BD792B6005C1291 /* main.m in Sources */ = {isa = PBXBuildFile; fileRef = 16350CA51BD792B6005C1291 /* main.m */; };
		16350CA91BD792B6005C1291 /* AppDelegate.m in Sources */ = {isa = PBXBuildFile; fileRef = 16350CA81BD792B6005C1291 /* AppDelegate.m */; };
		16350CAC1BD792B6005C1291 /* ViewController.m in Sources */ = {isa = PBXBuildFile; fileRef = 16350CAB1BD792B6005C1291 /* ViewController.m */; };
		16350CAF1BD792B6005C1291 /* Main.storyboard in Resources */ = {isa = PBXBuildFile; fileRef = 16350CAD1BD792B6005C1291 /* Main.storyboard */; };
		16350CB11BD792B6005C1291 /* Assets.xcassets in Resources */ = {isa = PBXBuildFile; fileRef = 16350CB01BD792B6005C1291 /* Assets.xcassets */; };
		16350CB41BD792B6005C1291 /* LaunchScreen.storyboard in Resources */ = {isa = PBXBuildFile; fileRef = 16350CB21BD792B6005C1291 /* LaunchScreen.storyboard */; };
		16350CBF1BD792B7005C1291 /* _sdTests.m in Sources */ = {isa = PBXBuildFile; fileRef = 16350CBE1BD792B7005C1291 /* _sdTests.m */; };
		16350CCA1BD792B7005C1291 /* _sdUITests.m in Sources */ = {isa = PBXBuildFile; fileRef = 16350CC91BD792B7005C1291 /* _sdUITests.m */; };
/* End PBXBuildFile section */

/* Begin PBXContainerItemProxy section */
		16350CBB1BD792B7005C1291 /* PBXContainerItemProxy */ = {
			isa = PBXContainerItemProxy;
			containerPortal = 16350C991BD792B6005C1291 /* Project object */;
			proxyType = 1;
			remoteGlobalIDString = 16350CA01BD792B6005C1291;
			remoteInfo = 3sd;
		};
		16350CC61BD792B7005C1291 /* PBXContainerItemProxy */ = {
			isa = PBXContainerItemProxy;
			containerPortal = 16350C991BD792B6005C1291 /* Project object */;
			proxyType = 1;
			remoteGlobalIDString = 16350CA01BD792B6005C1291;
			remoteInfo = 3sd;
		};
/* End PBXContainerItemProxy section */

/* Begin PBXFileReference section */
		16350CA11BD792B6005C1291 /* 3sd.app */ = {isa = PBXFileReference; explicitFileType = wrapper.application; includeInIndex = 0; path = 3sd.app; sourceTree = BUILT_PRODUCTS_DIR; };
		16350CA51BD792B6005C1291 /* main.m */ = {isa = PBXFileReference; lastKnownFileType = sourcecode.c.objc; path = main.m; sourceTree = "<group>"; };
		16350CA71BD792B6005C1291 /* AppDelegate.h */ = {isa = PBXFileReference; lastKnownFileType = sourcecode.c.h; path = AppDelegate.h; sourceTree = "<group>"; };
		16350CA81BD792B6005C1291 /* AppDelegate.m */ = {isa = PBXFileReference; lastKnownFileType = sourcecode.c.objc; path = AppDelegate.m; sourceTree = "<group>"; };
		16350CAA1BD792B6005C1291 /* ViewController.h */ = {isa = PBXFileReference; lastKnownFileType = sourcecode.c.h; path = ViewController.h; sourceTree = "<group>"; };
		16350CAB1BD792B6005C1291 /* ViewController.m */ = {isa = PBXFileReference; lastKnownFileType = sourcecode.c.objc; path = ViewController.m; sourceTree = "<group>"; };
		16350CAE1BD792B6005C1291 /* Base */ = {isa = PBXFileReference; lastKnownFileType = file.storyboard; name = Base; path = Base.lproj/Main.storyboard; sourceTree = "<group>"; };
		16350CB01BD792B6005C1291 /* Assets.xcassets */ = {isa = PBXFileReference; lastKnownFileType = folder.assetcatalog; path = Assets.xcassets; sourceTree = "<group>"; };
		16350CB31BD792B6005C1291 /* Base */ = {isa = PBXFileReference; lastKnownFileType = file.storyboard; name = Base; path = Base.lproj/LaunchScreen.storyboard; sourceTree = "<group>"; };
		16350CB51BD792B6005C1291 /* Info.plist */ = {isa = PBXFileReference; lastKnownFileType = text.plist.xml; path = Info.plist; sourceTree = "<group>"; };
		16350CBA1BD792B7005C1291 /* 3sdTests.xctest */ = {isa = PBXFileReference; explicitFileType = wrapper.cfbundle; includeInIndex = 0; path = 3sdTests.xctest; sourceTree = BUILT_PRODUCTS_DIR; };
		16350CBE1BD792B7005C1291 /* _sdTests.m */ = {isa = PBXFileReference; lastKnownFileType = sourcecode.c.objc; path = _sdTests.m; sourceTree = "<group>"; };
		16350CC01BD792B7005C1291 /* Info.plist */ = {isa = PBXFileReference; lastKnownFileType = text.plist.xml; path = Info.plist; sourceTree = "<group>"; };
		16350CC51BD792B7005C1291 /* 3sdUITests.xctest */ = {isa = PBXFileReference; explicitFileType = wrapper.cfbundle; includeInIndex = 0; path = 3sdUITests.xctest; sourceTree = BUILT_PRODUCTS_DIR; };
		16350CC91BD792B7005C1291 /* _sdUITests.m */ = {isa = PBXFileReference; lastKnownFileType = sourcecode.c.objc; path = _sdUITests.m; sourceTree = "<group>"; };
		16350CCB1BD792B7005C1291 /* Info.plist */ = {isa = PBXFileReference; lastKnownFileType = text.plist.xml; path = Info.plist; sourceTree = "<group>"; };
/* End PBXFileReference section */

/* Begin PBXFrameworksBuildPhase section */
		16350C9E1BD792B6005C1291 /* Frameworks */ = {
			isa = PBXFrameworksBuildPhase;
			buildActionMask = 2147483647;
			files = (
			);
			runOnlyForDeploymentPostprocessing = 0;
		};
		16350CB71BD792B7005C1291 /* Frameworks */ = {
			isa = PBXFrameworksBuildPhase;
			buildActionMask = 2147483647;
			files = (
			);
			runOnlyForDeploymentPostprocessing = 0;
		};
		16350CC21BD792B7005C1291 /* Frameworks */ = {
			isa = PBXFrameworksBuildPhase;
			buildActionMask = 2147483647;
			files = (
			);
			runOnlyForDeploymentPostprocessing = 0;
		};
/* End PBXFrameworksBuildPhase section */

/* Begin PBXGroup section */
		16350C981BD792B6005C1291 = {
			isa = PBXGroup;
			children = (
				16350CA31BD792B6005C1291 /* 3sd */,
				16350CBD1BD792B7005C1291 /* 3sdTests */,
				16350CC81BD792B7005C1291 /* 3sdUITests */,
				16350CA21BD792B6005C1291 /* Products */,
			);
			sourceTree = "<group>";
		};
		16350CA21BD792B6005C1291 /* Products */ = {
			isa = PBXGroup;
			children = (
				16350CA11BD792B6005C1291 /* 3sd.app */,
				16350CBA1BD792B7005C1291 /* 3sdTests.xctest */,
				16350CC51BD792B7005C1291 /* 3sdUITests.xctest */,
			);
			name = Products;
			sourceTree = "<group>";
		};
		16350CA31BD792B6005C1291 /* 3sd */ = {
			isa = PBXGroup;
			children = (
				16350CA71BD792B6005C1291 /* AppDelegate.h */,
				16350CA81BD792B6005C1291 /* AppDelegate.m */,
				16350CAA1BD792B6005C1291 /* ViewController.h */,
				16350CAB1BD792B6005C1291 /* ViewController.m */,
				16350CAD1BD792B6005C1291 /* Main.storyboard */,
				16350CB01BD792B6005C1291 /* Assets.xcassets */,
				16350CB21BD792B6005C1291 /* LaunchScreen.storyboard */,
				16350CB51BD792B6005C1291 /* Info.plist */,
				16350CA41BD792B6005C1291 /* Supporting Files */,
			);
			path = 3sd;
			sourceTree = "<group>";
		};
		16350CA41BD792B6005C1291 /* Supporting Files */ = {
			isa = PBXGroup;
			children = (
				16350CA51BD792B6005C1291 /* main.m */,
			);
			name = "Supporting Files";
			sourceTree = "<group>";
		};
		16350CBD1BD792B7005C1291 /* 3sdTests */ = {
			isa = PBXGroup;
			children = (
				16350CBE1BD792B7005C1291 /* _sdTests.m */,
				16350CC01BD792B7005C1291 /* Info.plist */,
			);
			path = 3sdTests;
			sourceTree = "<group>";
		};
		16350CC81BD792B7005C1291 /* 3sdUITests */ = {
			isa = PBXGroup;
			children = (
				16350CC91BD792B7005C1291 /* _sdUITests.m */,
				16350CCB1BD792B7005C1291 /* Info.plist */,
			);
			path = 3sdUITests;
			sourceTree = "<group>";
		};
/* End PBXGroup section */

/* Begin PBXNativeTarget section */
		16350CA01BD792B6005C1291 /* 3sd */ = {
			isa = PBXNativeTarget;
			buildConfigurationList = 16350CCE1BD792B7005C1291 /* Build configuration list for PBXNativeTarget "3sd" */;
			buildPhases = (
				16350C9D1BD792B6005C1291 /* Sources */,
				16350C9E1BD792B6005C1291 /* Frameworks */,
				16350C9F1BD792B6005C1291 /* Resources */,
			);
			buildRules = (
			);
			dependencies = (
			);
			name = 3sd;
			productName = 3sd;
			productReference = 16350CA11BD792B6005C1291 /* 3sd.app */;
			productType = "com.apple.product-type.application";
		};
		16350CB91BD792B7005C1291 /* 3sdTests */ = {
			isa = PBXNativeTarget;
			buildConfigurationList = 16350CD11BD792B7005C1291 /* Build configuration list for PBXNativeTarget "3sdTests" */;
			buildPhases = (
				16350CB61BD792B7005C1291 /* Sources */,
				16350CB71BD792B7005C1291 /* Frameworks */,
				16350CB81BD792B7005C1291 /* Resources */,
			);
			buildRules = (
			);
			dependencies = (
				16350CBC1BD792B7005C1291 /* PBXTargetDependency */,
			);
			name = 3sdTests;
			productName = 3sdTests;
			productReference = 16350CBA1BD792B7005C1291 /* 3sdTests.xctest */;
			productType = "com.apple.product-type.bundle.unit-test";
		};
		16350CC41BD792B7005C1291 /* 3sdUITests */ = {
			isa = PBXNativeTarget;
			buildConfigurationList = 16350CD41BD792B7005C1291 /* Build configuration list for PBXNativeTarget "3sdUITests" */;
			buildPhases = (
				16350CC11BD792B7005C1291 /* Sources */,
				16350CC21BD792B7005C1291 /* Frameworks */,
				16350CC31BD792B7005C1291 /* Resources */,
			);
			buildRules = (
			);
			dependencies = (
				16350CC71BD792B7005C1291 /* PBXTargetDependency */,
			);
			name = 3sdUITests;
			productName = 3sdUITests;
			productReference = 16350CC51BD792B7005C1291 /* 3sdUITests.xctest */;
			productType = "com.apple.product-type.bundle.ui-testing";
		};
/* End PBXNativeTarget section */

/* Begin PBXProject section */
		16350C991BD792B6005C1291 /* Project object */ = {
			isa = PBXProject;
			attributes = {
				LastUpgradeCheck = 0700;
				ORGANIZATIONNAME = songyang;
				TargetAttributes = {
					16350CA01BD792B6005C1291 = {
						CreatedOnToolsVersion = 7.0;
						DevelopmentTeam = MBP7EJDWT8;
					};
					16350CB91BD792B7005C1291 = {
						CreatedOnToolsVersion = 7.0;
						DevelopmentTeam = MBP7EJDWT8;
						TestTargetID = 16350CA01BD792B6005C1291;
					};
					16350CC41BD792B7005C1291 = {
						CreatedOnToolsVersion = 7.0;
						DevelopmentTeam = MBP7EJDWT8;
						TestTargetID = 16350CA01BD792B6005C1291;
					};
				};
			};
			buildConfigurationList = 16350C9C1BD792B6005C1291 /* Build configuration list for PBXProject "3sd" */;
			compatibilityVersion = "Xcode 3.2";
			developmentRegion = English;
			hasScannedForEncodings = 0;
			knownRegions = (
				en,
				Base,
			);
			mainGroup = 16350C981BD792B6005C1291;
			productRefGroup = 16350CA21BD792B6005C1291 /* Products */;
			projectDirPath = "";
			projectRoot = "";
			targets = (
				16350CA01BD792B6005C1291 /* 3sd */,
				16350CB91BD792B7005C1291 /* 3sdTests */,
				16350CC41BD792B7005C1291 /* 3sdUITests */,
			);
		};
/* End PBXProject section */

/* Begin PBXResourcesBuildPhase section */
		16350C9F1BD792B6005C1291 /* Resources */ = {
			isa = PBXResourcesBuildPhase;
			buildActionMask = 2147483647;
			files = (
				16350CB41BD792B6005C1291 /* LaunchScreen.storyboard in Resources */,
				16350CB11BD792B6005C1291 /* Assets.xcassets in Resources */,
				16350CAF1BD792B6005C1291 /* Main.storyboard in Resources */,
			);
			runOnlyForDeploymentPostprocessing = 0;
		};
		16350CB81BD792B7005C1291 /* Resources */ = {
			isa = PBXResourcesBuildPhase;
			buildActionMask = 2147483647;
			files = (
			);
			runOnlyForDeploymentPostprocessing = 0;
		};
		16350CC31BD792B7005C1291 /* Resources */ = {
			isa = PBXResourcesBuildPhase;
			buildActionMask = 2147483647;
			files = (
			);
			runOnlyForDeploymentPostprocessing = 0;
		};
/* End PBXResourcesBuildPhase section */

/* Begin PBXSourcesBuildPhase section */
		16350C9D1BD792B6005C1291 /* Sources */ = {
			isa = PBXSourcesBuildPhase;
			buildActionMask = 2147483647;
			files = (
				16350CAC1BD792B6005C1291 /* ViewController.m in Sources */,
				16350CA91BD792B6005C1291 /* AppDelegate.m in Sources */,
				16350CA61BD792B6005C1291 /* main.m in Sources */,
			);
			runOnlyForDeploymentPostprocessing = 0;
		};
		16350CB61BD792B7005C1291 /* Sources */ = {
			isa = PBXSourcesBuildPhase;
			buildActionMask = 2147483647;
			files = (
				16350CBF1BD792B7005C1291 /* _sdTests.m in Sources */,
			);
			runOnlyForDeploymentPostprocessing = 0;
		};
		16350CC11BD792B7005C1291 /* Sources */ = {
			isa = PBXSourcesBuildPhase;
			buildActionMask = 2147483647;
			files = (
				16350CCA1BD792B7005C1291 /* _sdUITests.m in Sources */,
			);
			runOnlyForDeploymentPostprocessing = 0;
		};
/* End PBXSourcesBuildPhase section */

/* Begin PBXTargetDependency section */
		16350CBC1BD792B7005C1291 /* PBXTargetDependency */ = {
			isa = PBXTargetDependency;
			target = 16350CA01BD792B6005C1291 /* 3sd */;
			targetProxy = 16350CBB1BD792B7005C1291 /* PBXContainerItemProxy */;
		};
		16350CC71BD792B7005C1291 /* PBXTargetDependency */ = {
			isa = PBXTargetDependency;
			target = 16350CA01BD792B6005C1291 /* 3sd */;
			targetProxy = 16350CC61BD792B7005C1291 /* PBXContainerItemProxy */;
		};
/* End PBXTargetDependency section */

/* Begin PBXVariantGroup section */
		16350CAD1BD792B6005C1291 /* Main.storyboard */ = {
			isa = PBXVariantGroup;
			children = (
				16350CAE1BD792B6005C1291 /* Base */,
			);
			name = Main.storyboard;
			sourceTree = "<group>";
		};
		16350CB21BD792B6005C1291 /* LaunchScreen.storyboard */ = {
			isa = PBXVariantGroup;
			children = (
				16350CB31BD792B6005C1291 /* Base */,
			);
			name = LaunchScreen.storyboard;
			sourceTree = "<group>";
		};
/* End PBXVariantGroup section */

/* Begin XCBuildConfiguration section */
		16350CCC1BD792B7005C1291 /* Debug */ = {
			isa = XCBuildConfiguration;
			buildSettings = {
				ALWAYS_SEARCH_USER_PATHS = NO;
				CLANG_CXX_LANGUAGE_STANDARD = "gnu++0x";
				CLANG_CXX_LIBRARY = "libc++";
				CLANG_ENABLE_MODULES = YES;
				CLANG_ENABLE_OBJC_ARC = YES;
				CLANG_WARN_BOOL_CONVERSION = YES;
				CLANG_WARN_CONSTANT_CONVERSION = YES;
				CLANG_WARN_DIRECT_OBJC_ISA_USAGE = YES_ERROR;
				CLANG_WARN_EMPTY_BODY = YES;
				CLANG_WARN_ENUM_CONVERSION = YES;
				CLANG_WARN_INT_CONVERSION = YES;
				CLANG_WARN_OBJC_ROOT_CLASS = YES_ERROR;
				CLANG_WARN_UNREACHABLE_CODE = YES;
				CLANG_WARN__DUPLICATE_METHOD_MATCH = YES;
				"CODE_SIGN_IDENTITY[sdk=iphoneos*]" = "iPhone Developer";
				COPY_PHASE_STRIP = NO;
				DEBUG_INFORMATION_FORMAT = dwarf;
				ENABLE_STRICT_OBJC_MSGSEND = YES;
				ENABLE_TESTABILITY = YES;
				GCC_C_LANGUAGE_STANDARD = gnu99;
				GCC_DYNAMIC_NO_PIC = NO;
				GCC_NO_COMMON_BLOCKS = YES;
				GCC_OPTIMIZATION_LEVEL = 0;
				GCC_PREPROCESSOR_DEFINITIONS = (
					"DEBUG=1",
					"$(inherited)",
				);
				GCC_WARN_64_TO_32_BIT_CONVERSION = YES;
				GCC_WARN_ABOUT_RETURN_TYPE = YES_ERROR;
				GCC_WARN_UNDECLARED_SELECTOR = YES;
				GCC_WARN_UNINITIALIZED_AUTOS = YES_AGGRESSIVE;
				GCC_WARN_UNUSED_FUNCTION = YES;
				GCC_WARN_UNUSED_VARIABLE = YES;
				IPHONEOS_DEPLOYMENT_TARGET = 9.0;
				MTL_ENABLE_DEBUG_INFO = YES;
				ONLY_ACTIVE_ARCH = YES;
				SDKROOT = iphoneos;
			};
			name = Debug;
		};
		16350CCD1BD792B7005C1291 /* Release */ = {
			isa = XCBuildConfiguration;
			buildSettings = {
				ALWAYS_SEARCH_USER_PATHS = NO;
				CLANG_CXX_LANGUAGE_STANDARD = "gnu++0x";
				CLANG_CXX_LIBRARY = "libc++";
				CLANG_ENABLE_MODULES = YES;
				CLANG_ENABLE_OBJC_ARC = YES;
				CLANG_WARN_BOOL_CONVERSION = YES;
				CLANG_WARN_CONSTANT_CONVERSION = YES;
				CLANG_WARN_DIRECT_OBJC_ISA_USAGE = YES_ERROR;
				CLANG_WARN_EMPTY_BODY = YES;
				CLANG_WARN_ENUM_CONVERSION = YES;
				CLANG_WARN_INT_CONVERSION = YES;
				CLANG_WARN_OBJC_ROOT_CLASS = YES_ERROR;
				CLANG_WARN_UNREACHABLE_CODE = YES;
				CLANG_WARN__DUPLICATE_METHOD_MATCH = YES;
				"CODE_SIGN_IDENTITY[sdk=iphoneos*]" = "iPhone Developer";
				COPY_PHASE_STRIP = NO;
				DEBUG_INFORMATION_FORMAT = "dwarf-with-dsym";
				ENABLE_NS_ASSERTIONS = NO;
				ENABLE_STRICT_OBJC_MSGSEND = YES;
				GCC_C_LANGUAGE_STANDARD = gnu99;
				GCC_NO_COMMON_BLOCKS = YES;
				GCC_WARN_64_TO_32_BIT_CONVERSION = YES;
				GCC_WARN_ABOUT_RETURN_TYPE = YES_ERROR;
				GCC_WARN_UNDECLARED_SELECTOR = YES;
				GCC_WARN_UNINITIALIZED_AUTOS = YES_AGGRESSIVE;
				GCC_WARN_UNUSED_FUNCTION = YES;
				GCC_WARN_UNUSED_VARIABLE = YES;
				IPHONEOS_DEPLOYMENT_TARGET = 9.0;
				MTL_ENABLE_DEBUG_INFO = NO;
				SDKROOT = iphoneos;
				VALIDATE_PRODUCT = YES;
			};
			name = Release;
		};
		16350CCF1BD792B7005C1291 /* Debug */ = {
			isa = XCBuildConfiguration;
			buildSettings = {
				ASSETCATALOG_COMPILER_APPICON_NAME = AppIcon;
				INFOPLIST_FILE = 3sd/Info.plist;
				LD_RUNPATH_SEARCH_PATHS = "$(inherited) @executable_path/Frameworks";
				PRODUCT_BUNDLE_IDENTIFIER = "com.songyang.-sd";
				PRODUCT_NAME = "$(TARGET_NAME)";
			};
			name = Debug;
		};
		16350CD01BD792B7005C1291 /* Release */ = {
			isa = XCBuildConfiguration;
			buildSettings = {
				ASSETCATALOG_COMPILER_APPICON_NAME = AppIcon;
				INFOPLIST_FILE = 3sd/Info.plist;
				LD_RUNPATH_SEARCH_PATHS = "$(inherited) @executable_path/Frameworks";
				PRODUCT_BUNDLE_IDENTIFIER = "com.songyang.-sd";
				PRODUCT_NAME = "$(TARGET_NAME)";
			};
			name = Release;
		};
		16350CD21BD792B7005C1291 /* Debug */ = {
			isa = XCBuildConfiguration;
			buildSettings = {
				BUNDLE_LOADER = "$(TEST_HOST)";
				INFOPLIST_FILE = 3sdTests/Info.plist;
				LD_RUNPATH_SEARCH_PATHS = "$(inherited) @executable_path/Frameworks @loader_path/Frameworks";
				PRODUCT_BUNDLE_IDENTIFIER = "com.songyang.-sdTests";
				PRODUCT_NAME = "$(TARGET_NAME)";
				TEST_HOST = "$(BUILT_PRODUCTS_DIR)/3sd.app/3sd";
			};
			name = Debug;
		};
		16350CD31BD792B7005C1291 /* Release */ = {
			isa = XCBuildConfiguration;
			buildSettings = {
				BUNDLE_LOADER = "$(TEST_HOST)";
				INFOPLIST_FILE = 3sdTests/Info.plist;
				LD_RUNPATH_SEARCH_PATHS = "$(inherited) @executable_path/Frameworks @loader_path/Frameworks";
				PRODUCT_BUNDLE_IDENTIFIER = "com.songyang.-sdTests";
				PRODUCT_NAME = "$(TARGET_NAME)";
				TEST_HOST = "$(BUILT_PRODUCTS_DIR)/3sd.app/3sd";
			};
			name = Release;
		};
		16350CD51BD792B7005C1291 /* Debug */ = {
			isa = XCBuildConfiguration;
			buildSettings = {
				INFOPLIST_FILE = 3sdUITests/Info.plist;
				LD_RUNPATH_SEARCH_PATHS = "$(inherited) @executable_path/Frameworks @loader_path/Frameworks";
				PRODUCT_BUNDLE_IDENTIFIER = "com.songyang.-sdUITests";
				PRODUCT_NAME = "$(TARGET_NAME)";
				TEST_TARGET_NAME = 3sd;
				USES_XCTRUNNER = YES;
			};
			name = Debug;
		};
		16350CD61BD792B7005C1291 /* Release */ = {
			isa = XCBuildConfiguration;
			buildSettings = {
				INFOPLIST_FILE = 3sdUITests/Info.plist;
				LD_RUNPATH_SEARCH_PATHS = "$(inherited) @executable_path/Frameworks @loader_path/Frameworks";
				PRODUCT_BUNDLE_IDENTIFIER = "com.songyang.-sdUITests";
				PRODUCT_NAME = "$(TARGET_NAME)";
				TEST_TARGET_NAME = 3sd;
				USES_XCTRUNNER = YES;
			};
			name = Release;
		};
/* End XCBuildConfiguration section */

/* Begin XCConfigurationList section */
		16350C9C1BD792B6005C1291 /* Build configuration list for PBXProject "3sd" */ = {
			isa = XCConfigurationList;
			buildConfigurations = (
				16350CCC1BD792B7005C1291 /* Debug */,
				16350CCD1BD792B7005C1291 /* Release */,
			);
			defaultConfigurationIsVisible = 0;
			defaultConfigurationName = Release;
		};
		16350CCE1BD792B7005C1291 /* Build configuration list for PBXNativeTarget "3sd" */ = {
			isa = XCConfigurationList;
			buildConfigurations = (
				16350CCF1BD792B7005C1291 /* Debug */,
				16350CD01BD792B7005C1291 /* Release */,
			);
			defaultConfigurationIsVisible = 0;
		};
		16350CD11BD792B7005C1291 /* Build configuration list for PBXNativeTarget "3sdTests" */ = {
			isa = XCConfigurationList;
			buildConfigurations = (
				16350CD21BD792B7005C1291 /* Debug */,
				16350CD31BD792B7005C1291 /* Release */,
			);
			defaultConfigurationIsVisible = 0;
		};
		16350CD41BD792B7005C1291 /* Build configuration list for PBXNativeTarget "3sdUITests" */ = {
			isa = XCConfigurationList;
			buildConfigurations = (
				16350CD51BD792B7005C1291 /* Debug */,
				16350CD61BD792B7005C1291 /* Release */,
			);
			defaultConfigurationIsVisible = 0;
		};
/* End XCConfigurationList section */
	};
	rootObject = 16350C991BD792B6005C1291 /* Project object */;
}
